
Microsoft Visual Studio Solution File, Format Version 12.00
# Visual Studio 15
Project("{FAE04EC0-301F-11D3-BF4B-00C04F79EFBC}") = "Assembly-CSharp", "Assembly-CSharp.csproj", "{0DF5C69E-8997-1365-8692-18451AA63922}"
EndProject
Project("{FAE04EC0-301F-11D3-BF4B-00C04F79EFBC}") = "Assembly-CSharp-Editor", "Assembly-CSharp-Editor.csproj", "{1ADCAB3F-C294-F029-831A-36D6289C66CB}"
EndProject
Global
	GlobalSection(SolutionConfigurationPlatforms) = preSolution
		Debug|Any CPU = Debug|Any CPU
		Release|Any CPU = Release|Any CPU
	EndGlobalSection
	GlobalSection(ProjectConfigurationPlatforms) = postSolution
		{0DF5C69E-8997-1365-8692-18451AA63922}.Debug|Any CPU.ActiveCfg = Debug|Any CPU
		{0DF5C69E-8997-1365-8692-18451AA63922}.Debug|Any CPU.Build.0 = Debug|Any CPU
		{0DF5C69E-8997-1365-8692-18451AA63922}.Release|Any CPU.ActiveCfg = Release|Any CPU
		{0DF5C69E-8997-1365-8692-18451AA63922}.Release|Any CPU.Build.0 = Release|Any CPU
		{1ADCAB3F-C294-F029-831A-36D6289C66CB}.Debug|Any CPU.ActiveCfg = Debug|Any CPU
		{1ADCAB3F-C294-F029-831A-36D6289C66CB}.Debug|Any CPU.Build.0 = Debug|Any CPU
		{1ADCAB3F-C294-F029-831A-36D6289C66CB}.Release|Any CPU.ActiveCfg = Release|Any CPU
		{1ADCAB3F-C294-F029-831A-36D6289C66CB}.Release|Any CPU.Build.0 = Release|Any CPU
	EndGlobalSection
	GlobalSection(SolutionProperties) = preSolution
		HideSolutionNode = FALSE
	EndGlobalSection
EndGlobal
